
Microsoft Visual Studio Solution File, Format Version 12.00
# Visual Studio Version 17
VisualStudioVersion = 17.0.31903.59
MinimumVisualStudioVersion = 10.0.40219.1
Project("{FAE04EC0-301F-11D3-BF4B-00C04F79EFBC}") = "SellersReport.API", "SellersReport.API\SellersReport.API.csproj", "{E0A5A300-684C-400E-B9CF-A79F884018E0}"
EndProject
Project("{FAE04EC0-301F-11D3-BF4B-00C04F79EFBC}") = "SellersReport.Tests", "SellersReport.Tests\SellersReport.Tests.csproj", "{35BA7AB4-C073-4CE9-BF0F-27209068FDE5}"
EndProject
Global
	GlobalSection(SolutionConfigurationPlatforms) = preSolution
		Debug|Any CPU = Debug|Any CPU
		Debug|x64 = Debug|x64
		Debug|x86 = Debug|x86
		Release|Any CPU = Release|Any CPU
		Release|x64 = Release|x64
		Release|x86 = Release|x86
	EndGlobalSection
	GlobalSection(ProjectConfigurationPlatforms) = postSolution
		{E0A5A300-684C-400E-B9CF-A79F884018E0}.Debug|Any CPU.ActiveCfg = Debug|Any CPU
		{E0A5A300-684C-400E-B9CF-A79F884018E0}.Debug|Any CPU.Build.0 = Debug|Any CPU
		{E0A5A300-684C-400E-B9CF-A79F884018E0}.Debug|x64.ActiveCfg = Debug|Any CPU
		{E0A5A300-684C-400E-B9CF-A79F884018E0}.Debug|x64.Build.0 = Debug|Any CPU
		{E0A5A300-684C-400E-B9CF-A79F884018E0}.Debug|x86.ActiveCfg = Debug|Any CPU
		{E0A5A300-684C-400E-B9CF-A79F884018E0}.Debug|x86.Build.0 = Debug|Any CPU
		{E0A5A300-684C-400E-B9CF-A79F884018E0}.Release|Any CPU.ActiveCfg = Release|Any CPU
		{E0A5A300-684C-400E-B9CF-A79F884018E0}.Release|Any CPU.Build.0 = Release|Any CPU
		{E0A5A300-684C-400E-B9CF-A79F884018E0}.Release|x64.ActiveCfg = Release|Any CPU
		{E0A5A300-684C-400E-B9CF-A79F884018E0}.Release|x64.Build.0 = Release|Any CPU
		{E0A5A300-684C-400E-B9CF-A79F884018E0}.Release|x86.ActiveCfg = Release|Any CPU
		{E0A5A300-684C-400E-B9CF-A79F884018E0}.Release|x86.Build.0 = Release|Any CPU
		{35BA7AB4-C073-4CE9-BF0F-27209068FDE5}.Debug|Any CPU.ActiveCfg = Debug|Any CPU
		{35BA7AB4-C073-4CE9-BF0F-27209068FDE5}.Debug|Any CPU.Build.0 = Debug|Any CPU
		{35BA7AB4-C073-4CE9-BF0F-27209068FDE5}.Debug|x64.ActiveCfg = Debug|Any CPU
		{35BA7AB4-C073-4CE9-BF0F-27209068FDE5}.Debug|x64.Build.0 = Debug|Any CPU
		{35BA7AB4-C073-4CE9-BF0F-27209068FDE5}.Debug|x86.ActiveCfg = Debug|Any CPU
		{35BA7AB4-C073-4CE9-BF0F-27209068FDE5}.Debug|x86.Build.0 = Debug|Any CPU
		{35BA7AB4-C073-4CE9-BF0F-27209068FDE5}.Release|Any CPU.ActiveCfg = Release|Any CPU
		{35BA7AB4-C073-4CE9-BF0F-27209068FDE5}.Release|Any CPU.Build.0 = Release|Any CPU
		{35BA7AB4-C073-4CE9-BF0F-27209068FDE5}.Release|x64.ActiveCfg = Release|Any CPU
		{35BA7AB4-C073-4CE9-BF0F-27209068FDE5}.Release|x64.Build.0 = Release|Any CPU
		{35BA7AB4-C073-4CE9-BF0F-27209068FDE5}.Release|x86.ActiveCfg = Release|Any CPU
		{35BA7AB4-C073-4CE9-BF0F-27209068FDE5}.Release|x86.Build.0 = Release|Any CPU
	EndGlobalSection
	GlobalSection(SolutionProperties) = preSolution
		HideSolutionNode = FALSE
	EndGlobalSection
EndGlobal
